
Microsoft Visual Studio Solution File, Format Version 12.00
# Visual Studio Version 17
VisualStudioVersion = 17.14.36623.8
MinimumVisualStudioVersion = 10.0.40219.1
Project("{8BC9CEB8-8B4A-11D0-8D11-00A0C91BC942}") = "HomeInventoryGUI", "HomeInventoryGUI\HomeInventoryGUI.vcxproj", "{AFB31E55-F06B-48F4-9435-34E23887A587}"
	ProjectSection(ProjectDependencies) = postProject
		{4E0CDFA6-6CBE-49F3-BBC3-42F898F88E3F} = {4E0CDFA6-6CBE-49F3-BBC3-42F898F88E3F}
	EndProjectSection
EndProject
Project("{8BC9CEB8-8B4A-11D0-8D11-00A0C91BC942}") = "HomeInventoryData", "HomeInventoryData\HomeInventoryData.vcxproj", "{4E0CDFA6-6CBE-49F3-BBC3-42F898F88E3F}"
EndProject
Project("{8BC9CEB8-8B4A-11D0-8D11-00A0C91BC942}") = "TestFirebase", "TestFirebase\TestFirebase.vcxproj", "{BF7BE426-263B-4887-8CEF-943D895ADBCC}"
EndProject
Global
	GlobalSection(SolutionConfigurationPlatforms) = preSolution
		Debug|x64 = Debug|x64
		Release|x64 = Release|x64
	EndGlobalSection
	GlobalSection(ProjectConfigurationPlatforms) = postSolution
		{AFB31E55-F06B-48F4-9435-34E23887A587}.Debug|x64.ActiveCfg = Debug|x64
		{AFB31E55-F06B-48F4-9435-34E23887A587}.Debug|x64.Build.0 = Debug|x64
		{AFB31E55-F06B-48F4-9435-34E23887A587}.Release|x64.ActiveCfg = Release|x64
		{AFB31E55-F06B-48F4-9435-34E23887A587}.Release|x64.Build.0 = Release|x64
		{4E0CDFA6-6CBE-49F3-BBC3-42F898F88E3F}.Debug|x64.ActiveCfg = Debug|x64
		{4E0CDFA6-6CBE-49F3-BBC3-42F898F88E3F}.Debug|x64.Build.0 = Debug|x64
		{4E0CDFA6-6CBE-49F3-BBC3-42F898F88E3F}.Release|x64.ActiveCfg = Release|x64
		{4E0CDFA6-6CBE-49F3-BBC3-42F898F88E3F}.Release|x64.Build.0 = Release|x64
		{BF7BE426-263B-4887-8CEF-943D895ADBCC}.Debug|x64.ActiveCfg = Debug|x64
		{BF7BE426-263B-4887-8CEF-943D895ADBCC}.Debug|x64.Build.0 = Debug|x64
		{BF7BE426-263B-4887-8CEF-943D895ADBCC}.Release|x64.ActiveCfg = Release|x64
		{BF7BE426-263B-4887-8CEF-943D895ADBCC}.Release|x64.Build.0 = Release|x64
	EndGlobalSection
	GlobalSection(SolutionProperties) = preSolution
		HideSolutionNode = FALSE
	EndGlobalSection
	GlobalSection(ExtensibilityGlobals) = postSolution
		SolutionGuid = {38117CBE-CE95-4981-A993-ABC2EEF6CFFC}
	EndGlobalSection
EndGlobal
